
Microsoft Visual Studio Solution File, Format Version 12.00
# Visual Studio Version 16
VisualStudioVersion = 16.0.31911.196
MinimumVisualStudioVersion = 10.0.40219.1
Project("{FAE04EC0-301F-11D3-BF4B-00C04F79EFBC}") = "WebApi", "WebApi\WebApi.csproj", "{81D346E3-9920-4CBB-9FF2-3C0FA8AFE49D}"
EndProject
Global
	GlobalSection(SolutionConfigurationPlatforms) = preSolution
		Debug|Any CPU = Debug|Any CPU
		Release|Any CPU = Release|Any CPU
	EndGlobalSection
	GlobalSection(ProjectConfigurationPlatforms) = postSolution
		{81D346E3-9920-4CBB-9FF2-3C0FA8AFE49D}.Debug|Any CPU.ActiveCfg = Debug|Any CPU
		{81D346E3-9920-4CBB-9FF2-3C0FA8AFE49D}.Debug|Any CPU.Build.0 = Debug|Any CPU
		{81D346E3-9920-4CBB-9FF2-3C0FA8AFE49D}.Release|Any CPU.ActiveCfg = Release|Any CPU
		{81D346E3-9920-4CBB-9FF2-3C0FA8AFE49D}.Release|Any CPU.Build.0 = Release|Any CPU
	EndGlobalSection
	GlobalSection(SolutionProperties) = preSolution
		HideSolutionNode = FALSE
	EndGlobalSection
	GlobalSection(ExtensibilityGlobals) = postSolution
		SolutionGuid = {5B445677-BA93-4403-9D94-0017AD0DD892}
	EndGlobalSection
EndGlobal
